
Microsoft Visual Studio Solution File, Format Version 12.00
# Visual Studio Version 16
VisualStudioVersion = 16.0.29728.190
MinimumVisualStudioVersion = 10.0.40219.1
Project("{FAE04EC0-301F-11D3-BF4B-00C04F79EFBC}") = "MagiZile.Acadiverse", "MagiZile.Acadiverse\MagiZile.Acadiverse.csproj", "{E8544A9F-4AF2-469D-9CFB-C7A3BB5845F2}"
EndProject
Project("{FAE04EC0-301F-11D3-BF4B-00C04F79EFBC}") = "MagiZile.AddOns", "MagiZile.AddOns\MagiZile.AddOns.csproj", "{68BDF112-2970-4C0D-9E59-1C34E3E29184}"
EndProject
Project("{FAE04EC0-301F-11D3-BF4B-00C04F79EFBC}") = "MagiZile.CustomUI", "MagiZile.CustomUI\MagiZile.CustomUI.csproj", "{35FCD604-378E-4E56-913D-F8632ABCC328}"
EndProject
Project("{FAE04EC0-301F-11D3-BF4B-00C04F79EFBC}") = "MagiZile.UserInteraction.ParentalControls", "MagiZile.UserInteraction.ParentalControls\MagiZile.UserInteraction.ParentalControls.csproj", "{07BF89CE-78AC-441F-9F74-BDAC45D204BC}"
EndProject
Project("{FAE04EC0-301F-11D3-BF4B-00C04F79EFBC}") = "MagiZile.UserInteractions.Data", "MagiZile.UserInteractions.Data\MagiZile.UserInteractions.Data.csproj", "{AC472531-C50C-4440-ADD6-1E01BDE01DCA}"
EndProject
Project("{FAE04EC0-301F-11D3-BF4B-00C04F79EFBC}") = "MagiZile.UtilityComponents", "MagiZile.UtilityComponents\MagiZile.UtilityComponents.csproj", "{60464E11-B309-4CD5-80FD-C94FCDBC4EB4}"
EndProject
Project("{FAE04EC0-301F-11D3-BF4B-00C04F79EFBC}") = "Acadiverse Desktop Client", "Acadiverse Desktop Client\Acadiverse Desktop Client.csproj", "{B979B4DF-15A1-4714-BE73-594192D05C98}"
EndProject
Project("{FAE04EC0-301F-11D3-BF4B-00C04F79EFBC}") = "Acadiverse Lesson Studio", "Acadiverse Lesson Studio\Acadiverse Lesson Studio.csproj", "{4BF53845-8339-4150-A8E8-9149DC6C729B}"
EndProject
Project("{FAE04EC0-301F-11D3-BF4B-00C04F79EFBC}") = "MagiZile.CustomUI-WPF", "MagiZile.CustomUI-WPF\MagiZile.CustomUI-WPF.csproj", "{E31DB4CD-4CF9-4484-B56E-D09638077A6E}"
EndProject
Global
	GlobalSection(SolutionConfigurationPlatforms) = preSolution
		Debug|Any CPU = Debug|Any CPU
		Debug|ARM = Debug|ARM
		Debug|ARM64 = Debug|ARM64
		Debug|x64 = Debug|x64
		Debug|x86 = Debug|x86
		Release|Any CPU = Release|Any CPU
		Release|ARM = Release|ARM
		Release|ARM64 = Release|ARM64
		Release|x64 = Release|x64
		Release|x86 = Release|x86
	EndGlobalSection
	GlobalSection(ProjectConfigurationPlatforms) = postSolution
		{E8544A9F-4AF2-469D-9CFB-C7A3BB5845F2}.Debug|Any CPU.ActiveCfg = Debug|Any CPU
		{E8544A9F-4AF2-469D-9CFB-C7A3BB5845F2}.Debug|Any CPU.Build.0 = Debug|Any CPU
		{E8544A9F-4AF2-469D-9CFB-C7A3BB5845F2}.Debug|ARM.ActiveCfg = Debug|Any CPU
		{E8544A9F-4AF2-469D-9CFB-C7A3BB5845F2}.Debug|ARM.Build.0 = Debug|Any CPU
		{E8544A9F-4AF2-469D-9CFB-C7A3BB5845F2}.Debug|ARM64.ActiveCfg = Debug|Any CPU
		{E8544A9F-4AF2-469D-9CFB-C7A3BB5845F2}.Debug|ARM64.Build.0 = Debug|Any CPU
		{E8544A9F-4AF2-469D-9CFB-C7A3BB5845F2}.Debug|x64.ActiveCfg = Debug|Any CPU
		{E8544A9F-4AF2-469D-9CFB-C7A3BB5845F2}.Debug|x64.Build.0 = Debug|Any CPU
		{E8544A9F-4AF2-469D-9CFB-C7A3BB5845F2}.Debug|x86.ActiveCfg = Debug|Any CPU
		{E8544A9F-4AF2-469D-9CFB-C7A3BB5845F2}.Debug|x86.Build.0 = Debug|Any CPU
		{E8544A9F-4AF2-469D-9CFB-C7A3BB5845F2}.Release|Any CPU.ActiveCfg = Release|Any CPU
		{E8544A9F-4AF2-469D-9CFB-C7A3BB5845F2}.Release|Any CPU.Build.0 = Release|Any CPU
		{E8544A9F-4AF2-469D-9CFB-C7A3BB5845F2}.Release|ARM.ActiveCfg = Release|Any CPU
		{E8544A9F-4AF2-469D-9CFB-C7A3BB5845F2}.Release|ARM.Build.0 = Release|Any CPU
		{E8544A9F-4AF2-469D-9CFB-C7A3BB5845F2}.Release|ARM64.ActiveCfg = Release|Any CPU
		{E8544A9F-4AF2-469D-9CFB-C7A3BB5845F2}.Release|ARM64.Build.0 = Release|Any CPU
		{E8544A9F-4AF2-469D-9CFB-C7A3BB5845F2}.Release|x64.ActiveCfg = Release|Any CPU
		{E8544A9F-4AF2-469D-9CFB-C7A3BB5845F2}.Release|x64.Build.0 = Release|Any CPU
		{E8544A9F-4AF2-469D-9CFB-C7A3BB5845F2}.Release|x86.ActiveCfg = Release|Any CPU
		{E8544A9F-4AF2-469D-9CFB-C7A3BB5845F2}.Release|x86.Build.0 = Release|Any CPU
		{68BDF112-2970-4C0D-9E59-1C34E3E29184}.Debug|Any CPU.ActiveCfg = Debug|Any CPU
		{68BDF112-2970-4C0D-9E59-1C34E3E29184}.Debug|Any CPU.Build.0 = Debug|Any CPU
		{68BDF112-2970-4C0D-9E59-1C34E3E29184}.Debug|ARM.ActiveCfg = Debug|Any CPU
		{68BDF112-2970-4C0D-9E59-1C34E3E29184}.Debug|ARM.Build.0 = Debug|Any CPU
		{68BDF112-2970-4C0D-9E59-1C34E3E29184}.Debug|ARM64.ActiveCfg = Debug|Any CPU
		{68BDF112-2970-4C0D-9E59-1C34E3E29184}.Debug|ARM64.Build.0 = Debug|Any CPU
		{68BDF112-2970-4C0D-9E59-1C34E3E29184}.Debug|x64.ActiveCfg = Debug|Any CPU
		{68BDF112-2970-4C0D-9E59-1C34E3E29184}.Debug|x64.Build.0 = Debug|Any CPU
		{68BDF112-2970-4C0D-9E59-1C34E3E29184}.Debug|x86.ActiveCfg = Debug|Any CPU
		{68BDF112-2970-4C0D-9E59-1C34E3E29184}.Debug|x86.Build.0 = Debug|Any CPU
		{68BDF112-2970-4C0D-9E59-1C34E3E29184}.Release|Any CPU.ActiveCfg = Release|Any CPU
		{68BDF112-2970-4C0D-9E59-1C34E3E29184}.Release|Any CPU.Build.0 = Release|Any CPU
		{68BDF112-2970-4C0D-9E59-1C34E3E29184}.Release|ARM.ActiveCfg = Release|Any CPU
		{68BDF112-2970-4C0D-9E59-1C34E3E29184}.Release|ARM.Build.0 = Release|Any CPU
		{68BDF112-2970-4C0D-9E59-1C34E3E29184}.Release|ARM64.ActiveCfg = Release|Any CPU
		{68BDF112-2970-4C0D-9E59-1C34E3E29184}.Release|ARM64.Build.0 = Release|Any CPU
		{68BDF112-2970-4C0D-9E59-1C34E3E29184}.Release|x64.ActiveCfg = Release|Any CPU
		{68BDF112-2970-4C0D-9E59-1C34E3E29184}.Release|x64.Build.0 = Release|Any CPU
		{68BDF112-2970-4C0D-9E59-1C34E3E29184}.Release|x86.ActiveCfg = Release|Any CPU
		{68BDF112-2970-4C0D-9E59-1C34E3E29184}.Release|x86.Build.0 = Release|Any CPU
		{35FCD604-378E-4E56-913D-F8632ABCC328}.Debug|Any CPU.ActiveCfg = Debug|Any CPU
		{35FCD604-378E-4E56-913D-F8632ABCC328}.Debug|Any CPU.Build.0 = Debug|Any CPU
		{35FCD604-378E-4E56-913D-F8632ABCC328}.Debug|ARM.ActiveCfg = Debug|Any CPU
		{35FCD604-378E-4E56-913D-F8632ABCC328}.Debug|ARM.Build.0 = Debug|Any CPU
		{35FCD604-378E-4E56-913D-F8632ABCC328}.Debug|ARM64.ActiveCfg = Debug|Any CPU
		{35FCD604-378E-4E56-913D-F8632ABCC328}.Debug|ARM64.Build.0 = Debug|Any CPU
		{35FCD604-378E-4E56-913D-F8632ABCC328}.Debug|x64.ActiveCfg = Debug|Any CPU
		{35FCD604-378E-4E56-913D-F8632ABCC328}.Debug|x64.Build.0 = Debug|Any CPU
		{35FCD604-378E-4E56-913D-F8632ABCC328}.Debug|x86.ActiveCfg = Debug|Any CPU
		{35FCD604-378E-4E56-913D-F8632ABCC328}.Debug|x86.Build.0 = Debug|Any CPU
		{35FCD604-378E-4E56-913D-F8632ABCC328}.Release|Any CPU.ActiveCfg = Release|Any CPU
		{35FCD604-378E-4E56-913D-F8632ABCC328}.Release|Any CPU.Build.0 = Release|Any CPU
		{35FCD604-378E-4E56-913D-F8632ABCC328}.Release|ARM.ActiveCfg = Release|Any CPU
		{35FCD604-378E-4E56-913D-F8632ABCC328}.Release|ARM.Build.0 = Release|Any CPU
		{35FCD604-378E-4E56-913D-F8632ABCC328}.Release|ARM64.ActiveCfg = Release|Any CPU
		{35FCD604-378E-4E56-913D-F8632ABCC328}.Release|ARM64.Build.0 = Release|Any CPU
		{35FCD604-378E-4E56-913D-F8632ABCC328}.Release|x64.ActiveCfg = Release|Any CPU
		{35FCD604-378E-4E56-913D-F8632ABCC328}.Release|x64.Build.0 = Release|Any CPU
		{35FCD604-378E-4E56-913D-F8632ABCC328}.Release|x86.ActiveCfg = Release|Any CPU
		{35FCD604-378E-4E56-913D-F8632ABCC328}.Release|x86.Build.0 = Release|Any CPU
		{07BF89CE-78AC-441F-9F74-BDAC45D204BC}.Debug|Any CPU.ActiveCfg = Debug|Any CPU
		{07BF89CE-78AC-441F-9F74-BDAC45D204BC}.Debug|Any CPU.Build.0 = Debug|Any CPU
		{07BF89CE-78AC-441F-9F74-BDAC45D204BC}.Debug|ARM.ActiveCfg = Debug|Any CPU
		{07BF89CE-78AC-441F-9F74-BDAC45D204BC}.Debug|ARM.Build.0 = Debug|Any CPU
		{07BF89CE-78AC-441F-9F74-BDAC45D204BC}.Debug|ARM64.ActiveCfg = Debug|Any CPU
		{07BF89CE-78AC-441F-9F74-BDAC45D204BC}.Debug|ARM64.Build.0 = Debug|Any CPU
		{07BF89CE-78AC-441F-9F74-BDAC45D204BC}.Debug|x64.ActiveCfg = Debug|Any CPU
		{07BF89CE-78AC-441F-9F74-BDAC45D204BC}.Debug|x64.Build.0 = Debug|Any CPU
		{07BF89CE-78AC-441F-9F74-BDAC45D204BC}.Debug|x86.ActiveCfg = Debug|Any CPU
		{07BF89CE-78AC-441F-9F74-BDAC45D204BC}.Debug|x86.Build.0 = Debug|Any CPU
		{07BF89CE-78AC-441F-9F74-BDAC45D204BC}.Release|Any CPU.ActiveCfg = Release|Any CPU
		{07BF89CE-78AC-441F-9F74-BDAC45D204BC}.Release|Any CPU.Build.0 = Release|Any CPU
		{07BF89CE-78AC-441F-9F74-BDAC45D204BC}.Release|ARM.ActiveCfg = Release|Any CPU
		{07BF89CE-78AC-441F-9F74-BDAC45D204BC}.Release|ARM.Build.0 = Release|Any CPU
		{07BF89CE-78AC-441F-9F74-BDAC45D204BC}.Release|ARM64.ActiveCfg = Release|Any CPU
		{07BF89CE-78AC-441F-9F74-BDAC45D204BC}.Release|ARM64.Build.0 = Release|Any CPU
		{07BF89CE-78AC-441F-9F74-BDAC45D204BC}.Release|x64.ActiveCfg = Release|Any CPU
		{07BF89CE-78AC-441F-9F74-BDAC45D204BC}.Release|x64.Build.0 = Release|Any CPU
		{07BF89CE-78AC-441F-9F74-BDAC45D204BC}.Release|x86.ActiveCfg = Release|Any CPU
		{07BF89CE-78AC-441F-9F74-BDAC45D204BC}.Release|x86.Build.0 = Release|Any CPU
		{AC472531-C50C-4440-ADD6-1E01BDE01DCA}.Debug|Any CPU.ActiveCfg = Debug|Any CPU
		{AC472531-C50C-4440-ADD6-1E01BDE01DCA}.Debug|Any CPU.Build.0 = Debug|Any CPU
		{AC472531-C50C-4440-ADD6-1E01BDE01DCA}.Debug|ARM.ActiveCfg = Debug|Any CPU
		{AC472531-C50C-4440-ADD6-1E01BDE01DCA}.Debug|ARM.Build.0 = Debug|Any CPU
		{AC472531-C50C-4440-ADD6-1E01BDE01DCA}.Debug|ARM64.ActiveCfg = Debug|Any CPU
		{AC472531-C50C-4440-ADD6-1E01BDE01DCA}.Debug|ARM64.Build.0 = Debug|Any CPU
		{AC472531-C50C-4440-ADD6-1E01BDE01DCA}.Debug|x64.ActiveCfg = Debug|Any CPU
		{AC472531-C50C-4440-ADD6-1E01BDE01DCA}.Debug|x64.Build.0 = Debug|Any CPU
		{AC472531-C50C-4440-ADD6-1E01BDE01DCA}.Debug|x86.ActiveCfg = Debug|Any CPU
		{AC472531-C50C-4440-ADD6-1E01BDE01DCA}.Debug|x86.Build.0 = Debug|Any CPU
		{AC472531-C50C-4440-ADD6-1E01BDE01DCA}.Release|Any CPU.ActiveCfg = Release|Any CPU
		{AC472531-C50C-4440-ADD6-1E01BDE01DCA}.Release|Any CPU.Build.0 = Release|Any CPU
		{AC472531-C50C-4440-ADD6-1E01BDE01DCA}.Release|ARM.ActiveCfg = Release|Any CPU
		{AC472531-C50C-4440-ADD6-1E01BDE01DCA}.Release|ARM.Build.0 = Release|Any CPU
		{AC472531-C50C-4440-ADD6-1E01BDE01DCA}.Release|ARM64.ActiveCfg = Release|Any CPU
		{AC472531-C50C-4440-ADD6-1E01BDE01DCA}.Release|ARM64.Build.0 = Release|Any CPU
		{AC472531-C50C-4440-ADD6-1E01BDE01DCA}.Release|x64.ActiveCfg = Release|Any CPU
		{AC472531-C50C-4440-ADD6-1E01BDE01DCA}.Release|x64.Build.0 = Release|Any CPU
		{AC472531-C50C-4440-ADD6-1E01BDE01DCA}.Release|x86.ActiveCfg = Release|Any CPU
		{AC472531-C50C-4440-ADD6-1E01BDE01DCA}.Release|x86.Build.0 = Release|Any CPU
		{60464E11-B309-4CD5-80FD-C94FCDBC4EB4}.Debug|Any CPU.ActiveCfg = Debug|Any CPU
		{60464E11-B309-4CD5-80FD-C94FCDBC4EB4}.Debug|Any CPU.Build.0 = Debug|Any CPU
		{60464E11-B309-4CD5-80FD-C94FCDBC4EB4}.Debug|ARM.ActiveCfg = Debug|Any CPU
		{60464E11-B309-4CD5-80FD-C94FCDBC4EB4}.Debug|ARM.Build.0 = Debug|Any CPU
		{60464E11-B309-4CD5-80FD-C94FCDBC4EB4}.Debug|ARM64.ActiveCfg = Debug|Any CPU
		{60464E11-B309-4CD5-80FD-C94FCDBC4EB4}.Debug|ARM64.Build.0 = Debug|Any CPU
		{60464E11-B309-4CD5-80FD-C94FCDBC4EB4}.Debug|x64.ActiveCfg = Debug|Any CPU
		{60464E11-B309-4CD5-80FD-C94FCDBC4EB4}.Debug|x64.Build.0 = Debug|Any CPU
		{60464E11-B309-4CD5-80FD-C94FCDBC4EB4}.Debug|x86.ActiveCfg = Debug|Any CPU
		{60464E11-B309-4CD5-80FD-C94FCDBC4EB4}.Debug|x86.Build.0 = Debug|Any CPU
		{60464E11-B309-4CD5-80FD-C94FCDBC4EB4}.Release|Any CPU.ActiveCfg = Release|Any CPU
		{60464E11-B309-4CD5-80FD-C94FCDBC4EB4}.Release|Any CPU.Build.0 = Release|Any CPU
		{60464E11-B309-4CD5-80FD-C94FCDBC4EB4}.Release|ARM.ActiveCfg = Release|Any CPU
		{60464E11-B309-4CD5-80FD-C94FCDBC4EB4}.Release|ARM.Build.0 = Release|Any CPU
		{60464E11-B309-4CD5-80FD-C94FCDBC4EB4}.Release|ARM64.ActiveCfg = Release|Any CPU
		{60464E11-B309-4CD5-80FD-C94FCDBC4EB4}.Release|ARM64.Build.0 = Release|Any CPU
		{60464E11-B309-4CD5-80FD-C94FCDBC4EB4}.Release|x64.ActiveCfg = Release|Any CPU
		{60464E11-B309-4CD5-80FD-C94FCDBC4EB4}.Release|x64.Build.0 = Release|Any CPU
		{60464E11-B309-4CD5-80FD-C94FCDBC4EB4}.Release|x86.ActiveCfg = Release|Any CPU
		{60464E11-B309-4CD5-80FD-C94FCDBC4EB4}.Release|x86.Build.0 = Release|Any CPU
		{B979B4DF-15A1-4714-BE73-594192D05C98}.Debug|Any CPU.ActiveCfg = Debug|Any CPU
		{B979B4DF-15A1-4714-BE73-594192D05C98}.Debug|Any CPU.Build.0 = Debug|Any CPU
		{B979B4DF-15A1-4714-BE73-594192D05C98}.Debug|ARM.ActiveCfg = Debug|Any CPU
		{B979B4DF-15A1-4714-BE73-594192D05C98}.Debug|ARM.Build.0 = Debug|Any CPU
		{B979B4DF-15A1-4714-BE73-594192D05C98}.Debug|ARM64.ActiveCfg = Debug|Any CPU
		{B979B4DF-15A1-4714-BE73-594192D05C98}.Debug|ARM64.Build.0 = Debug|Any CPU
		{B979B4DF-15A1-4714-BE73-594192D05C98}.Debug|x64.ActiveCfg = Debug|Any CPU
		{B979B4DF-15A1-4714-BE73-594192D05C98}.Debug|x64.Build.0 = Debug|Any CPU
		{B979B4DF-15A1-4714-BE73-594192D05C98}.Debug|x86.ActiveCfg = Debug|Any CPU
		{B979B4DF-15A1-4714-BE73-594192D05C98}.Debug|x86.Build.0 = Debug|Any CPU
		{B979B4DF-15A1-4714-BE73-594192D05C98}.Release|Any CPU.ActiveCfg = Release|Any CPU
		{B979B4DF-15A1-4714-BE73-594192D05C98}.Release|Any CPU.Build.0 = Release|Any CPU
		{B979B4DF-15A1-4714-BE73-594192D05C98}.Release|ARM.ActiveCfg = Release|Any CPU
		{B979B4DF-15A1-4714-BE73-594192D05C98}.Release|ARM.Build.0 = Release|Any CPU
		{B979B4DF-15A1-4714-BE73-594192D05C98}.Release|ARM64.ActiveCfg = Release|Any CPU
		{B979B4DF-15A1-4714-BE73-594192D05C98}.Release|ARM64.Build.0 = Release|Any CPU
		{B979B4DF-15A1-4714-BE73-594192D05C98}.Release|x64.ActiveCfg = Release|Any CPU
		{B979B4DF-15A1-4714-BE73-594192D05C98}.Release|x64.Build.0 = Release|Any CPU
		{B979B4DF-15A1-4714-BE73-594192D05C98}.Release|x86.ActiveCfg = Release|Any CPU
		{B979B4DF-15A1-4714-BE73-594192D05C98}.Release|x86.Build.0 = Release|Any CPU
		{4BF53845-8339-4150-A8E8-9149DC6C729B}.Debug|Any CPU.ActiveCfg = Debug|Any CPU
		{4BF53845-8339-4150-A8E8-9149DC6C729B}.Debug|Any CPU.Build.0 = Debug|Any CPU
		{4BF53845-8339-4150-A8E8-9149DC6C729B}.Debug|ARM.ActiveCfg = Debug|Any CPU
		{4BF53845-8339-4150-A8E8-9149DC6C729B}.Debug|ARM.Build.0 = Debug|Any CPU
		{4BF53845-8339-4150-A8E8-9149DC6C729B}.Debug|ARM64.ActiveCfg = Debug|Any CPU
		{4BF53845-8339-4150-A8E8-9149DC6C729B}.Debug|ARM64.Build.0 = Debug|Any CPU
		{4BF53845-8339-4150-A8E8-9149DC6C729B}.Debug|x64.ActiveCfg = Debug|Any CPU
		{4BF53845-8339-4150-A8E8-9149DC6C729B}.Debug|x64.Build.0 = Debug|Any CPU
		{4BF53845-8339-4150-A8E8-9149DC6C729B}.Debug|x86.ActiveCfg = Debug|Any CPU
		{4BF53845-8339-4150-A8E8-9149DC6C729B}.Debug|x86.Build.0 = Debug|Any CPU
		{4BF53845-8339-4150-A8E8-9149DC6C729B}.Release|Any CPU.ActiveCfg = Release|Any CPU
		{4BF53845-8339-4150-A8E8-9149DC6C729B}.Release|Any CPU.Build.0 = Release|Any CPU
		{4BF53845-8339-4150-A8E8-9149DC6C729B}.Release|ARM.ActiveCfg = Release|Any CPU
		{4BF53845-8339-4150-A8E8-9149DC6C729B}.Release|ARM.Build.0 = Release|Any CPU
		{4BF53845-8339-4150-A8E8-9149DC6C729B}.Release|ARM64.ActiveCfg = Release|Any CPU
		{4BF53845-8339-4150-A8E8-9149DC6C729B}.Release|ARM64.Build.0 = Release|Any CPU
		{4BF53845-8339-4150-A8E8-9149DC6C729B}.Release|x64.ActiveCfg = Release|Any CPU
		{4BF53845-8339-4150-A8E8-9149DC6C729B}.Release|x64.Build.0 = Release|Any CPU
		{4BF53845-8339-4150-A8E8-9149DC6C729B}.Release|x86.ActiveCfg = Release|Any CPU
		{4BF53845-8339-4150-A8E8-9149DC6C729B}.Release|x86.Build.0 = Release|Any CPU
		{E31DB4CD-4CF9-4484-B56E-D09638077A6E}.Debug|Any CPU.ActiveCfg = Debug|Any CPU
		{E31DB4CD-4CF9-4484-B56E-D09638077A6E}.Debug|Any CPU.Build.0 = Debug|Any CPU
		{E31DB4CD-4CF9-4484-B56E-D09638077A6E}.Debug|ARM.ActiveCfg = Debug|Any CPU
		{E31DB4CD-4CF9-4484-B56E-D09638077A6E}.Debug|ARM.Build.0 = Debug|Any CPU
		{E31DB4CD-4CF9-4484-B56E-D09638077A6E}.Debug|ARM64.ActiveCfg = Debug|Any CPU
		{E31DB4CD-4CF9-4484-B56E-D09638077A6E}.Debug|ARM64.Build.0 = Debug|Any CPU
		{E31DB4CD-4CF9-4484-B56E-D09638077A6E}.Debug|x64.ActiveCfg = Debug|Any CPU
		{E31DB4CD-4CF9-4484-B56E-D09638077A6E}.Debug|x64.Build.0 = Debug|Any CPU
		{E31DB4CD-4CF9-4484-B56E-D09638077A6E}.Debug|x86.ActiveCfg = Debug|Any CPU
		{E31DB4CD-4CF9-4484-B56E-D09638077A6E}.Debug|x86.Build.0 = Debug|Any CPU
		{E31DB4CD-4CF9-4484-B56E-D09638077A6E}.Release|Any CPU.ActiveCfg = Release|Any CPU
		{E31DB4CD-4CF9-4484-B56E-D09638077A6E}.Release|Any CPU.Build.0 = Release|Any CPU
		{E31DB4CD-4CF9-4484-B56E-D09638077A6E}.Release|ARM.ActiveCfg = Release|Any CPU
		{E31DB4CD-4CF9-4484-B56E-D09638077A6E}.Release|ARM.Build.0 = Release|Any CPU
		{E31DB4CD-4CF9-4484-B56E-D09638077A6E}.Release|ARM64.ActiveCfg = Release|Any CPU
		{E31DB4CD-4CF9-4484-B56E-D09638077A6E}.Release|ARM64.Build.0 = Release|Any CPU
		{E31DB4CD-4CF9-4484-B56E-D09638077A6E}.Release|x64.ActiveCfg = Release|Any CPU
		{E31DB4CD-4CF9-4484-B56E-D09638077A6E}.Release|x64.Build.0 = Release|Any CPU
		{E31DB4CD-4CF9-4484-B56E-D09638077A6E}.Release|x86.ActiveCfg = Release|Any CPU
		{E31DB4CD-4CF9-4484-B56E-D09638077A6E}.Release|x86.Build.0 = Release|Any CPU
	EndGlobalSection
	GlobalSection(SolutionProperties) = preSolution
		HideSolutionNode = FALSE
	EndGlobalSection
	GlobalSection(ExtensibilityGlobals) = postSolution
		SolutionGuid = {72528B83-0D5B-4CB6-8BF8-643D08CA1979}
	EndGlobalSection
EndGlobal
